
Microsoft Visual Studio Solution File, Format Version 12.00
# Visual Studio Version 17
VisualStudioVersion = 17.11.35327.3
MinimumVisualStudioVersion = 10.0.40219.1
Project("{FAE04EC0-301F-11D3-BF4B-00C04F79EFBC}") = "SimpleBookCatalog.Domain", "SimpleBookCatalog.Domain\SimpleBookCatalog.Domain.csproj", "{102527D3-EF37-4744-A577-02B0FE6488F4}"
EndProject
Project("{FAE04EC0-301F-11D3-BF4B-00C04F79EFBC}") = "SimpleBookCatalog.Application", "SimpleBookCatalog.Application\SimpleBookCatalog.Application.csproj", "{B0CACD1D-FCD5-4E33-8473-EA991E450129}"
EndProject
Project("{FAE04EC0-301F-11D3-BF4B-00C04F79EFBC}") = "SimpleBookCatalog.Infrastructure", "SimpleBookCatalog.Infrastructure\SimpleBookCatalog.Infrastructure.csproj", "{B4FF381A-81BE-4737-8957-6DE427B5D43C}"
EndProject
Project("{FAE04EC0-301F-11D3-BF4B-00C04F79EFBC}") = "SimpleBookCatalog", "SimpleBookCatalog\SimpleBookCatalog.csproj", "{422D0910-5212-45C1-B44D-04C38A8C4D4E}"
EndProject
Global
	GlobalSection(SolutionConfigurationPlatforms) = preSolution
		Debug|Any CPU = Debug|Any CPU
		Release|Any CPU = Release|Any CPU
	EndGlobalSection
	GlobalSection(ProjectConfigurationPlatforms) = postSolution
		{102527D3-EF37-4744-A577-02B0FE6488F4}.Debug|Any CPU.ActiveCfg = Debug|Any CPU
		{102527D3-EF37-4744-A577-02B0FE6488F4}.Debug|Any CPU.Build.0 = Debug|Any CPU
		{102527D3-EF37-4744-A577-02B0FE6488F4}.Release|Any CPU.ActiveCfg = Release|Any CPU
		{102527D3-EF37-4744-A577-02B0FE6488F4}.Release|Any CPU.Build.0 = Release|Any CPU
		{B0CACD1D-FCD5-4E33-8473-EA991E450129}.Debug|Any CPU.ActiveCfg = Debug|Any CPU
		{B0CACD1D-FCD5-4E33-8473-EA991E450129}.Debug|Any CPU.Build.0 = Debug|Any CPU
		{B0CACD1D-FCD5-4E33-8473-EA991E450129}.Release|Any CPU.ActiveCfg = Release|Any CPU
		{B0CACD1D-FCD5-4E33-8473-EA991E450129}.Release|Any CPU.Build.0 = Release|Any CPU
		{B4FF381A-81BE-4737-8957-6DE427B5D43C}.Debug|Any CPU.ActiveCfg = Debug|Any CPU
		{B4FF381A-81BE-4737-8957-6DE427B5D43C}.Debug|Any CPU.Build.0 = Debug|Any CPU
		{B4FF381A-81BE-4737-8957-6DE427B5D43C}.Release|Any CPU.ActiveCfg = Release|Any CPU
		{B4FF381A-81BE-4737-8957-6DE427B5D43C}.Release|Any CPU.Build.0 = Release|Any CPU
		{422D0910-5212-45C1-B44D-04C38A8C4D4E}.Debug|Any CPU.ActiveCfg = Debug|Any CPU
		{422D0910-5212-45C1-B44D-04C38A8C4D4E}.Debug|Any CPU.Build.0 = Debug|Any CPU
		{422D0910-5212-45C1-B44D-04C38A8C4D4E}.Release|Any CPU.ActiveCfg = Release|Any CPU
		{422D0910-5212-45C1-B44D-04C38A8C4D4E}.Release|Any CPU.Build.0 = Release|Any CPU
	EndGlobalSection
	GlobalSection(SolutionProperties) = preSolution
		HideSolutionNode = FALSE
	EndGlobalSection
	GlobalSection(ExtensibilityGlobals) = postSolution
		SolutionGuid = {D655A7E6-CAE9-4AAE-A0AC-9BD585B2B6BE}
	EndGlobalSection
EndGlobal
